
Microsoft Visual Studio Solution File, Format Version 12.00
# Visual Studio Version 16
VisualStudioVersion = 16.0.32630.194
MinimumVisualStudioVersion = 10.0.40219.1
Project("{FAE04EC0-301F-11D3-BF4B-00C04F79EFBC}") = "RegistrationForm_ASP.Net", "RegistrationForm_ASP.Net\RegistrationForm_ASP.Net.csproj", "{13A63DD2-6193-4988-873A-AF0C1844C86F}"
EndProject
Global
	GlobalSection(SolutionConfigurationPlatforms) = preSolution
		Debug|Any CPU = Debug|Any CPU
		Release|Any CPU = Release|Any CPU
	EndGlobalSection
	GlobalSection(ProjectConfigurationPlatforms) = postSolution
		{13A63DD2-6193-4988-873A-AF0C1844C86F}.Debug|Any CPU.ActiveCfg = Debug|Any CPU
		{13A63DD2-6193-4988-873A-AF0C1844C86F}.Debug|Any CPU.Build.0 = Debug|Any CPU
		{13A63DD2-6193-4988-873A-AF0C1844C86F}.Release|Any CPU.ActiveCfg = Release|Any CPU
		{13A63DD2-6193-4988-873A-AF0C1844C86F}.Release|Any CPU.Build.0 = Release|Any CPU
	EndGlobalSection
	GlobalSection(SolutionProperties) = preSolution
		HideSolutionNode = FALSE
	EndGlobalSection
	GlobalSection(ExtensibilityGlobals) = postSolution
		SolutionGuid = {AA79B4B2-CBE9-4765-9D46-6E842FEC5C1E}
	EndGlobalSection
EndGlobal
